
Microsoft Visual Studio Solution File, Format Version 12.00
# Visual Studio 15
VisualStudioVersion = 15.0.26228.4
MinimumVisualStudioVersion = 10.0.40219.1
Project("{FAE04EC0-301F-11D3-BF4B-00C04F79EFBC}") = "CaterUI", "CaterUI\CaterUI.csproj", "{31CAC584-DB4E-48DB-A96A-85052BEDC8AE}"
EndProject
Project("{FAE04EC0-301F-11D3-BF4B-00C04F79EFBC}") = "CaterBll", "CaterBll\CaterBll.csproj", "{AB74B66F-6953-4878-A44D-3E225199BC6B}"
EndProject
Project("{FAE04EC0-301F-11D3-BF4B-00C04F79EFBC}") = "CaterDal", "CaterDal\CaterDal.csproj", "{2064EEC9-CA44-42BE-87CC-D30150399837}"
EndProject
Project("{FAE04EC0-301F-11D3-BF4B-00C04F79EFBC}") = "CaderModel", "CaderModel\CaderModel.csproj", "{41724158-4962-485F-9343-CAC2FAF008CA}"
EndProject
Project("{FAE04EC0-301F-11D3-BF4B-00C04F79EFBC}") = "CaterCommon", "CaterCommon\CaterCommon.csproj", "{A510F2B2-F492-4441-ACAF-04BF87A4D1F1}"
EndProject
Global
	GlobalSection(SolutionConfigurationPlatforms) = preSolution
		Debug|Any CPU = Debug|Any CPU
		Debug|x64 = Debug|x64
		Debug|x86 = Debug|x86
		Release|Any CPU = Release|Any CPU
		Release|x64 = Release|x64
		Release|x86 = Release|x86
	EndGlobalSection
	GlobalSection(ProjectConfigurationPlatforms) = postSolution
		{31CAC584-DB4E-48DB-A96A-85052BEDC8AE}.Debug|Any CPU.ActiveCfg = Debug|x86
		{31CAC584-DB4E-48DB-A96A-85052BEDC8AE}.Debug|Any CPU.Build.0 = Debug|x86
		{31CAC584-DB4E-48DB-A96A-85052BEDC8AE}.Debug|x64.ActiveCfg = Debug|x64
		{31CAC584-DB4E-48DB-A96A-85052BEDC8AE}.Debug|x64.Build.0 = Debug|x64
		{31CAC584-DB4E-48DB-A96A-85052BEDC8AE}.Debug|x86.ActiveCfg = Debug|x86
		{31CAC584-DB4E-48DB-A96A-85052BEDC8AE}.Debug|x86.Build.0 = Debug|x86
		{31CAC584-DB4E-48DB-A96A-85052BEDC8AE}.Release|Any CPU.ActiveCfg = Release|Any CPU
		{31CAC584-DB4E-48DB-A96A-85052BEDC8AE}.Release|Any CPU.Build.0 = Release|Any CPU
		{31CAC584-DB4E-48DB-A96A-85052BEDC8AE}.Release|x64.ActiveCfg = Release|x64
		{31CAC584-DB4E-48DB-A96A-85052BEDC8AE}.Release|x64.Build.0 = Release|x64
		{31CAC584-DB4E-48DB-A96A-85052BEDC8AE}.Release|x86.ActiveCfg = Release|x86
		{31CAC584-DB4E-48DB-A96A-85052BEDC8AE}.Release|x86.Build.0 = Release|x86
		{AB74B66F-6953-4878-A44D-3E225199BC6B}.Debug|Any CPU.ActiveCfg = Debug|Any CPU
		{AB74B66F-6953-4878-A44D-3E225199BC6B}.Debug|Any CPU.Build.0 = Debug|Any CPU
		{AB74B66F-6953-4878-A44D-3E225199BC6B}.Debug|x64.ActiveCfg = Debug|x64
		{AB74B66F-6953-4878-A44D-3E225199BC6B}.Debug|x64.Build.0 = Debug|x64
		{AB74B66F-6953-4878-A44D-3E225199BC6B}.Debug|x86.ActiveCfg = Debug|x86
		{AB74B66F-6953-4878-A44D-3E225199BC6B}.Debug|x86.Build.0 = Debug|x86
		{AB74B66F-6953-4878-A44D-3E225199BC6B}.Release|Any CPU.ActiveCfg = Release|Any CPU
		{AB74B66F-6953-4878-A44D-3E225199BC6B}.Release|Any CPU.Build.0 = Release|Any CPU
		{AB74B66F-6953-4878-A44D-3E225199BC6B}.Release|x64.ActiveCfg = Release|x64
		{AB74B66F-6953-4878-A44D-3E225199BC6B}.Release|x64.Build.0 = Release|x64
		{AB74B66F-6953-4878-A44D-3E225199BC6B}.Release|x86.ActiveCfg = Release|x86
		{AB74B66F-6953-4878-A44D-3E225199BC6B}.Release|x86.Build.0 = Release|x86
		{2064EEC9-CA44-42BE-87CC-D30150399837}.Debug|Any CPU.ActiveCfg = Debug|x86
		{2064EEC9-CA44-42BE-87CC-D30150399837}.Debug|Any CPU.Build.0 = Debug|x86
		{2064EEC9-CA44-42BE-87CC-D30150399837}.Debug|x64.ActiveCfg = Debug|x64
		{2064EEC9-CA44-42BE-87CC-D30150399837}.Debug|x64.Build.0 = Debug|x64
		{2064EEC9-CA44-42BE-87CC-D30150399837}.Debug|x86.ActiveCfg = Debug|x86
		{2064EEC9-CA44-42BE-87CC-D30150399837}.Debug|x86.Build.0 = Debug|x86
		{2064EEC9-CA44-42BE-87CC-D30150399837}.Release|Any CPU.ActiveCfg = Release|Any CPU
		{2064EEC9-CA44-42BE-87CC-D30150399837}.Release|Any CPU.Build.0 = Release|Any CPU
		{2064EEC9-CA44-42BE-87CC-D30150399837}.Release|x64.ActiveCfg = Release|x64
		{2064EEC9-CA44-42BE-87CC-D30150399837}.Release|x64.Build.0 = Release|x64
		{2064EEC9-CA44-42BE-87CC-D30150399837}.Release|x86.ActiveCfg = Release|x86
		{2064EEC9-CA44-42BE-87CC-D30150399837}.Release|x86.Build.0 = Release|x86
		{41724158-4962-485F-9343-CAC2FAF008CA}.Debug|Any CPU.ActiveCfg = Debug|Any CPU
		{41724158-4962-485F-9343-CAC2FAF008CA}.Debug|Any CPU.Build.0 = Debug|Any CPU
		{41724158-4962-485F-9343-CAC2FAF008CA}.Debug|x64.ActiveCfg = Debug|x64
		{41724158-4962-485F-9343-CAC2FAF008CA}.Debug|x64.Build.0 = Debug|x64
		{41724158-4962-485F-9343-CAC2FAF008CA}.Debug|x86.ActiveCfg = Debug|x86
		{41724158-4962-485F-9343-CAC2FAF008CA}.Debug|x86.Build.0 = Debug|x86
		{41724158-4962-485F-9343-CAC2FAF008CA}.Release|Any CPU.ActiveCfg = Release|Any CPU
		{41724158-4962-485F-9343-CAC2FAF008CA}.Release|Any CPU.Build.0 = Release|Any CPU
		{41724158-4962-485F-9343-CAC2FAF008CA}.Release|x64.ActiveCfg = Release|x64
		{41724158-4962-485F-9343-CAC2FAF008CA}.Release|x64.Build.0 = Release|x64
		{41724158-4962-485F-9343-CAC2FAF008CA}.Release|x86.ActiveCfg = Release|x86
		{41724158-4962-485F-9343-CAC2FAF008CA}.Release|x86.Build.0 = Release|x86
		{A510F2B2-F492-4441-ACAF-04BF87A4D1F1}.Debug|Any CPU.ActiveCfg = Debug|Any CPU
		{A510F2B2-F492-4441-ACAF-04BF87A4D1F1}.Debug|Any CPU.Build.0 = Debug|Any CPU
		{A510F2B2-F492-4441-ACAF-04BF87A4D1F1}.Debug|x64.ActiveCfg = Debug|x64
		{A510F2B2-F492-4441-ACAF-04BF87A4D1F1}.Debug|x64.Build.0 = Debug|x64
		{A510F2B2-F492-4441-ACAF-04BF87A4D1F1}.Debug|x86.ActiveCfg = Debug|x86
		{A510F2B2-F492-4441-ACAF-04BF87A4D1F1}.Debug|x86.Build.0 = Debug|x86
		{A510F2B2-F492-4441-ACAF-04BF87A4D1F1}.Release|Any CPU.ActiveCfg = Release|Any CPU
		{A510F2B2-F492-4441-ACAF-04BF87A4D1F1}.Release|Any CPU.Build.0 = Release|Any CPU
		{A510F2B2-F492-4441-ACAF-04BF87A4D1F1}.Release|x64.ActiveCfg = Release|x64
		{A510F2B2-F492-4441-ACAF-04BF87A4D1F1}.Release|x64.Build.0 = Release|x64
		{A510F2B2-F492-4441-ACAF-04BF87A4D1F1}.Release|x86.ActiveCfg = Release|x86
		{A510F2B2-F492-4441-ACAF-04BF87A4D1F1}.Release|x86.Build.0 = Release|x86
	EndGlobalSection
	GlobalSection(SolutionProperties) = preSolution
		HideSolutionNode = FALSE
	EndGlobalSection
EndGlobal
